
Microsoft Visual Studio Solution File, Format Version 12.00
# Visual Studio Version 17
VisualStudioVersion = 17.0.31903.59
MinimumVisualStudioVersion = 10.0.40219.1
Project("{2150E333-8FDC-42A3-9474-1A3956D46DE8}") = "src", "src", "{827E0CD3-B72D-47B6-A68D-7590B98EB39B}"
EndProject
Project("{2150E333-8FDC-42A3-9474-1A3956D46DE8}") = "Core", "Core", "{8D626EA8-CB54-BC41-363A-217881BEBA6E}"
EndProject
Project("{2150E333-8FDC-42A3-9474-1A3956D46DE8}") = "Domain", "Domain", "{53986343-908A-6037-C70A-1919D3E9F8C3}"
EndProject
Project("{FAE04EC0-301F-11D3-BF4B-00C04F79EFBC}") = "FallDetectionAPI.Domain", "src\Core\Domain\FallDetectionAPI.Domain.csproj", "{3EC7F113-0BBD-487F-822C-1713711076E7}"
EndProject
Project("{FAE04EC0-301F-11D3-BF4B-00C04F79EFBC}") = "FallDetectionAPI.Application", "src\Core\Application\FallDetectionAPI.Application.csproj", "{6A042988-9BA2-452B-AE0F-529C1C780C2C}"
EndProject
Project("{FAE04EC0-301F-11D3-BF4B-00C04F79EFBC}") = "FallDetectionAPI.Persistence", "src\Infrastructure\Persistence\FallDetectionAPI.Persistence.csproj", "{43BCE6F8-D8B6-4CF7-8983-820CC1C882F4}"
EndProject
Project("{FAE04EC0-301F-11D3-BF4B-00C04F79EFBC}") = "FallDetectionAPI.Integration", "src\Infrastructure\Integration\FallDetectionAPI.Integration.csproj", "{9617CFA0-9C48-43C3-B00D-BF1E0379AB8A}"
EndProject
Project("{FAE04EC0-301F-11D3-BF4B-00C04F79EFBC}") = "FallDetectionAPI", "src\Presentation\WebAPI\FallDetectionAPI.csproj", "{E36743A2-2872-4011-8D8D-4E06694F9925}"
EndProject
Project("{2150E333-8FDC-42A3-9474-1A3956D46DE8}") = "Presentation", "Presentation", "{6996BBF7-DB31-59BC-C7DD-9A7CCC6138C4}"
EndProject
Project("{2150E333-8FDC-42A3-9474-1A3956D46DE8}") = "SignalR", "SignalR", "{DB600AE4-F76A-79CD-6E2C-5D2FA97DE7C2}"
EndProject
Project("{FAE04EC0-301F-11D3-BF4B-00C04F79EFBC}") = "FallDetectionAPI.SignalR", "src\Presentation\SignalR\FallDetectionAPI.SignalR.csproj", "{4A2DC2E3-BD1D-45D4-BCCE-FA4DBB690DC8}"
EndProject
Global
	GlobalSection(SolutionConfigurationPlatforms) = preSolution
		Debug|Any CPU = Debug|Any CPU
		Debug|x64 = Debug|x64
		Debug|x86 = Debug|x86
		Release|Any CPU = Release|Any CPU
		Release|x64 = Release|x64
		Release|x86 = Release|x86
	EndGlobalSection
	GlobalSection(ProjectConfigurationPlatforms) = postSolution
		{3EC7F113-0BBD-487F-822C-1713711076E7}.Debug|Any CPU.ActiveCfg = Debug|Any CPU
		{3EC7F113-0BBD-487F-822C-1713711076E7}.Debug|Any CPU.Build.0 = Debug|Any CPU
		{3EC7F113-0BBD-487F-822C-1713711076E7}.Debug|x64.ActiveCfg = Debug|Any CPU
		{3EC7F113-0BBD-487F-822C-1713711076E7}.Debug|x64.Build.0 = Debug|Any CPU
		{3EC7F113-0BBD-487F-822C-1713711076E7}.Debug|x86.ActiveCfg = Debug|Any CPU
		{3EC7F113-0BBD-487F-822C-1713711076E7}.Debug|x86.Build.0 = Debug|Any CPU
		{3EC7F113-0BBD-487F-822C-1713711076E7}.Release|Any CPU.ActiveCfg = Release|Any CPU
		{3EC7F113-0BBD-487F-822C-1713711076E7}.Release|Any CPU.Build.0 = Release|Any CPU
		{3EC7F113-0BBD-487F-822C-1713711076E7}.Release|x64.ActiveCfg = Release|Any CPU
		{3EC7F113-0BBD-487F-822C-1713711076E7}.Release|x64.Build.0 = Release|Any CPU
		{3EC7F113-0BBD-487F-822C-1713711076E7}.Release|x86.ActiveCfg = Release|Any CPU
		{3EC7F113-0BBD-487F-822C-1713711076E7}.Release|x86.Build.0 = Release|Any CPU
		{6A042988-9BA2-452B-AE0F-529C1C780C2C}.Debug|Any CPU.ActiveCfg = Debug|Any CPU
		{6A042988-9BA2-452B-AE0F-529C1C780C2C}.Debug|Any CPU.Build.0 = Debug|Any CPU
		{6A042988-9BA2-452B-AE0F-529C1C780C2C}.Debug|x64.ActiveCfg = Debug|Any CPU
		{6A042988-9BA2-452B-AE0F-529C1C780C2C}.Debug|x64.Build.0 = Debug|Any CPU
		{6A042988-9BA2-452B-AE0F-529C1C780C2C}.Debug|x86.ActiveCfg = Debug|Any CPU
		{6A042988-9BA2-452B-AE0F-529C1C780C2C}.Debug|x86.Build.0 = Debug|Any CPU
		{6A042988-9BA2-452B-AE0F-529C1C780C2C}.Release|Any CPU.ActiveCfg = Release|Any CPU
		{6A042988-9BA2-452B-AE0F-529C1C780C2C}.Release|Any CPU.Build.0 = Release|Any CPU
		{6A042988-9BA2-452B-AE0F-529C1C780C2C}.Release|x64.ActiveCfg = Release|Any CPU
		{6A042988-9BA2-452B-AE0F-529C1C780C2C}.Release|x64.Build.0 = Release|Any CPU
		{6A042988-9BA2-452B-AE0F-529C1C780C2C}.Release|x86.ActiveCfg = Release|Any CPU
		{6A042988-9BA2-452B-AE0F-529C1C780C2C}.Release|x86.Build.0 = Release|Any CPU
		{43BCE6F8-D8B6-4CF7-8983-820CC1C882F4}.Debug|Any CPU.ActiveCfg = Debug|Any CPU
		{43BCE6F8-D8B6-4CF7-8983-820CC1C882F4}.Debug|Any CPU.Build.0 = Debug|Any CPU
		{43BCE6F8-D8B6-4CF7-8983-820CC1C882F4}.Debug|x64.ActiveCfg = Debug|Any CPU
		{43BCE6F8-D8B6-4CF7-8983-820CC1C882F4}.Debug|x64.Build.0 = Debug|Any CPU
		{43BCE6F8-D8B6-4CF7-8983-820CC1C882F4}.Debug|x86.ActiveCfg = Debug|Any CPU
		{43BCE6F8-D8B6-4CF7-8983-820CC1C882F4}.Debug|x86.Build.0 = Debug|Any CPU
		{43BCE6F8-D8B6-4CF7-8983-820CC1C882F4}.Release|Any CPU.ActiveCfg = Release|Any CPU
		{43BCE6F8-D8B6-4CF7-8983-820CC1C882F4}.Release|Any CPU.Build.0 = Release|Any CPU
		{43BCE6F8-D8B6-4CF7-8983-820CC1C882F4}.Release|x64.ActiveCfg = Release|Any CPU
		{43BCE6F8-D8B6-4CF7-8983-820CC1C882F4}.Release|x64.Build.0 = Release|Any CPU
		{43BCE6F8-D8B6-4CF7-8983-820CC1C882F4}.Release|x86.ActiveCfg = Release|Any CPU
		{43BCE6F8-D8B6-4CF7-8983-820CC1C882F4}.Release|x86.Build.0 = Release|Any CPU
		{9617CFA0-9C48-43C3-B00D-BF1E0379AB8A}.Debug|Any CPU.ActiveCfg = Debug|Any CPU
		{9617CFA0-9C48-43C3-B00D-BF1E0379AB8A}.Debug|Any CPU.Build.0 = Debug|Any CPU
		{9617CFA0-9C48-43C3-B00D-BF1E0379AB8A}.Debug|x64.ActiveCfg = Debug|Any CPU
		{9617CFA0-9C48-43C3-B00D-BF1E0379AB8A}.Debug|x64.Build.0 = Debug|Any CPU
		{9617CFA0-9C48-43C3-B00D-BF1E0379AB8A}.Debug|x86.ActiveCfg = Debug|Any CPU
		{9617CFA0-9C48-43C3-B00D-BF1E0379AB8A}.Debug|x86.Build.0 = Debug|Any CPU
		{9617CFA0-9C48-43C3-B00D-BF1E0379AB8A}.Release|Any CPU.ActiveCfg = Release|Any CPU
		{9617CFA0-9C48-43C3-B00D-BF1E0379AB8A}.Release|Any CPU.Build.0 = Release|Any CPU
		{9617CFA0-9C48-43C3-B00D-BF1E0379AB8A}.Release|x64.ActiveCfg = Release|Any CPU
		{9617CFA0-9C48-43C3-B00D-BF1E0379AB8A}.Release|x64.Build.0 = Release|Any CPU
		{9617CFA0-9C48-43C3-B00D-BF1E0379AB8A}.Release|x86.ActiveCfg = Release|Any CPU
		{9617CFA0-9C48-43C3-B00D-BF1E0379AB8A}.Release|x86.Build.0 = Release|Any CPU
		{E36743A2-2872-4011-8D8D-4E06694F9925}.Debug|Any CPU.ActiveCfg = Debug|Any CPU
		{E36743A2-2872-4011-8D8D-4E06694F9925}.Debug|Any CPU.Build.0 = Debug|Any CPU
		{E36743A2-2872-4011-8D8D-4E06694F9925}.Debug|x64.ActiveCfg = Debug|Any CPU
		{E36743A2-2872-4011-8D8D-4E06694F9925}.Debug|x64.Build.0 = Debug|Any CPU
		{E36743A2-2872-4011-8D8D-4E06694F9925}.Debug|x86.ActiveCfg = Debug|Any CPU
		{E36743A2-2872-4011-8D8D-4E06694F9925}.Debug|x86.Build.0 = Debug|Any CPU
		{E36743A2-2872-4011-8D8D-4E06694F9925}.Release|Any CPU.ActiveCfg = Release|Any CPU
		{E36743A2-2872-4011-8D8D-4E06694F9925}.Release|Any CPU.Build.0 = Release|Any CPU
		{E36743A2-2872-4011-8D8D-4E06694F9925}.Release|x64.ActiveCfg = Release|Any CPU
		{E36743A2-2872-4011-8D8D-4E06694F9925}.Release|x64.Build.0 = Release|Any CPU
		{E36743A2-2872-4011-8D8D-4E06694F9925}.Release|x86.ActiveCfg = Release|Any CPU
		{E36743A2-2872-4011-8D8D-4E06694F9925}.Release|x86.Build.0 = Release|Any CPU
		{4A2DC2E3-BD1D-45D4-BCCE-FA4DBB690DC8}.Debug|Any CPU.ActiveCfg = Debug|Any CPU
		{4A2DC2E3-BD1D-45D4-BCCE-FA4DBB690DC8}.Debug|Any CPU.Build.0 = Debug|Any CPU
		{4A2DC2E3-BD1D-45D4-BCCE-FA4DBB690DC8}.Debug|x64.ActiveCfg = Debug|Any CPU
		{4A2DC2E3-BD1D-45D4-BCCE-FA4DBB690DC8}.Debug|x64.Build.0 = Debug|Any CPU
		{4A2DC2E3-BD1D-45D4-BCCE-FA4DBB690DC8}.Debug|x86.ActiveCfg = Debug|Any CPU
		{4A2DC2E3-BD1D-45D4-BCCE-FA4DBB690DC8}.Debug|x86.Build.0 = Debug|Any CPU
		{4A2DC2E3-BD1D-45D4-BCCE-FA4DBB690DC8}.Release|Any CPU.ActiveCfg = Release|Any CPU
		{4A2DC2E3-BD1D-45D4-BCCE-FA4DBB690DC8}.Release|Any CPU.Build.0 = Release|Any CPU
		{4A2DC2E3-BD1D-45D4-BCCE-FA4DBB690DC8}.Release|x64.ActiveCfg = Release|Any CPU
		{4A2DC2E3-BD1D-45D4-BCCE-FA4DBB690DC8}.Release|x64.Build.0 = Release|Any CPU
		{4A2DC2E3-BD1D-45D4-BCCE-FA4DBB690DC8}.Release|x86.ActiveCfg = Release|Any CPU
		{4A2DC2E3-BD1D-45D4-BCCE-FA4DBB690DC8}.Release|x86.Build.0 = Release|Any CPU
	EndGlobalSection
	GlobalSection(SolutionProperties) = preSolution
		HideSolutionNode = FALSE
	EndGlobalSection
	GlobalSection(NestedProjects) = preSolution
		{8D626EA8-CB54-BC41-363A-217881BEBA6E} = {827E0CD3-B72D-47B6-A68D-7590B98EB39B}
		{53986343-908A-6037-C70A-1919D3E9F8C3} = {8D626EA8-CB54-BC41-363A-217881BEBA6E}
		{3EC7F113-0BBD-487F-822C-1713711076E7} = {53986343-908A-6037-C70A-1919D3E9F8C3}
		{6A042988-9BA2-452B-AE0F-529C1C780C2C} = {53986343-908A-6037-C70A-1919D3E9F8C3}
		{43BCE6F8-D8B6-4CF7-8983-820CC1C882F4} = {53986343-908A-6037-C70A-1919D3E9F8C3}
		{9617CFA0-9C48-43C3-B00D-BF1E0379AB8A} = {53986343-908A-6037-C70A-1919D3E9F8C3}
		{E36743A2-2872-4011-8D8D-4E06694F9925} = {53986343-908A-6037-C70A-1919D3E9F8C3}
		{6996BBF7-DB31-59BC-C7DD-9A7CCC6138C4} = {827E0CD3-B72D-47B6-A68D-7590B98EB39B}
		{DB600AE4-F76A-79CD-6E2C-5D2FA97DE7C2} = {6996BBF7-DB31-59BC-C7DD-9A7CCC6138C4}
		{4A2DC2E3-BD1D-45D4-BCCE-FA4DBB690DC8} = {DB600AE4-F76A-79CD-6E2C-5D2FA97DE7C2}
	EndGlobalSection
EndGlobal
